// !$*UTF8*$!
{
	archiveVersion = 1;
	classes = {
	};
	objectVersion = 50;
	objects = {

/* Begin PBXBuildFile section */
		18A93EB220DEFC88008B284F /* AppDelegate.swift in Sources */ = {isa = PBXBuildFile; fileRef = 18A93EB120DEFC88008B284F /* AppDelegate.swift */; };
		18A93EB720DEFC88008B284F /* Main.storyboard in Resources */ = {isa = PBXBuildFile; fileRef = 18A93EB520DEFC88008B284F /* Main.storyboard */; };
		18A93EB920DEFC8A008B284F /* Assets.xcassets in Resources */ = {isa = PBXBuildFile; fileRef = 18A93EB820DEFC8A008B284F /* Assets.xcassets */; };
		18A93EBC20DEFC8A008B284F /* LaunchScreen.storyboard in Resources */ = {isa = PBXBuildFile; fileRef = 18A93EBA20DEFC8A008B284F /* LaunchScreen.storyboard */; };
		18B75AF220DFB0830057DABC /* MenuController.swift in Sources */ = {isa = PBXBuildFile; fileRef = 18B75AF120DFB0830057DABC /* MenuController.swift */; };
		18B75AF420DFB1620057DABC /* ALaCarteController.swift in Sources */ = {isa = PBXBuildFile; fileRef = 18B75AF320DFB1620057DABC /* ALaCarteController.swift */; };
		18B75AF620DFB7340057DABC /* MonTabBar.swift in Sources */ = {isa = PBXBuildFile; fileRef = 18B75AF520DFB7340057DABC /* MonTabBar.swift */; };
		18B75AF920DFB8860057DABC /* Constantes.swift in Sources */ = {isa = PBXBuildFile; fileRef = 18B75AF820DFB8860057DABC /* Constantes.swift */; };
		18B75AFB20DFBEDF0057DABC /* MonNav.swift in Sources */ = {isa = PBXBuildFile; fileRef = 18B75AFA20DFBEDF0057DABC /* MonNav.swift */; };
		18B75AFD20DFC5E90057DABC /* MenuCell.swift in Sources */ = {isa = PBXBuildFile; fileRef = 18B75AFC20DFC5E90057DABC /* MenuCell.swift */; };
/* End PBXBuildFile section */

/* Begin PBXFileReference section */
		18A93EAE20DEFC88008B284F /* MonRestoDuMonde.app */ = {isa = PBXFileReference; explicitFileType = wrapper.application; includeInIndex = 0; path = MonRestoDuMonde.app; sourceTree = BUILT_PRODUCTS_DIR; };
		18A93EB120DEFC88008B284F /* AppDelegate.swift */ = {isa = PBXFileReference; lastKnownFileType = sourcecode.swift; path = AppDelegate.swift; sourceTree = "<group>"; };
		18A93EB620DEFC88008B284F /* Base */ = {isa = PBXFileReference; lastKnownFileType = file.storyboard; name = Base; path = Base.lproj/Main.storyboard; sourceTree = "<group>"; };
		18A93EB820DEFC8A008B284F /* Assets.xcassets */ = {isa = PBXFileReference; lastKnownFileType = folder.assetcatalog; path = Assets.xcassets; sourceTree = "<group>"; };
		18A93EBB20DEFC8A008B284F /* Base */ = {isa = PBXFileReference; lastKnownFileType = file.storyboard; name = Base; path = Base.lproj/LaunchScreen.storyboard; sourceTree = "<group>"; };
		18A93EBD20DEFC8A008B284F /* Info.plist */ = {isa = PBXFileReference; lastKnownFileType = text.plist.xml; path = Info.plist; sourceTree = "<group>"; };
		18B75AF120DFB0830057DABC /* MenuController.swift */ = {isa = PBXFileReference; lastKnownFileType = sourcecode.swift; path = MenuController.swift; sourceTree = "<group>"; };
		18B75AF320DFB1620057DABC /* ALaCarteController.swift */ = {isa = PBXFileReference; lastKnownFileType = sourcecode.swift; path = ALaCarteController.swift; sourceTree = "<group>"; };
		18B75AF520DFB7340057DABC /* MonTabBar.swift */ = {isa = PBXFileReference; lastKnownFileType = sourcecode.swift; path = MonTabBar.swift; sourceTree = "<group>"; };
		18B75AF820DFB8860057DABC /* Constantes.swift */ = {isa = PBXFileReference; lastKnownFileType = sourcecode.swift; path = Constantes.swift; sourceTree = "<group>"; };
		18B75AFA20DFBEDF0057DABC /* MonNav.swift */ = {isa = PBXFileReference; lastKnownFileType = sourcecode.swift; path = MonNav.swift; sourceTree = "<group>"; };
		18B75AFC20DFC5E90057DABC /* MenuCell.swift */ = {isa = PBXFileReference; lastKnownFileType = sourcecode.swift; path = MenuCell.swift; sourceTree = "<group>"; };
/* End PBXFileReference section */

/* Begin PBXFrameworksBuildPhase section */
		18A93EAB20DEFC88008B284F /* Frameworks */ = {
			isa = PBXFrameworksBuildPhase;
			buildActionMask = 2147483647;
			files = (
			);
			runOnlyForDeploymentPostprocessing = 0;
		};
/* End PBXFrameworksBuildPhase section */

/* Begin PBXGroup section */
		18A93EA520DEFC88008B284F = {
			isa = PBXGroup;
			children = (
				18A93EB020DEFC88008B284F /* MonRestoDuMonde */,
				18A93EAF20DEFC88008B284F /* Products */,
			);
			sourceTree = "<group>";
		};
		18A93EAF20DEFC88008B284F /* Products */ = {
			isa = PBXGroup;
			children = (
				18A93EAE20DEFC88008B284F /* MonRestoDuMonde.app */,
			);
			name = Products;
			sourceTree = "<group>";
		};
		18A93EB020DEFC88008B284F /* MonRestoDuMonde */ = {
			isa = PBXGroup;
			children = (
				18B75AF720DFB7CF0057DABC /* Utilitaire */,
				18B75AF020DFB0450057DABC /* Controlleur */,
				18B75AEF20DFB0260057DABC /* Vue */,
				18B75AEE20DFB01C0057DABC /* Modele */,
				18A93EB120DEFC88008B284F /* AppDelegate.swift */,
				18A93EB520DEFC88008B284F /* Main.storyboard */,
				18A93EB820DEFC8A008B284F /* Assets.xcassets */,
				18A93EBA20DEFC8A008B284F /* LaunchScreen.storyboard */,
				18A93EBD20DEFC8A008B284F /* Info.plist */,
			);
			path = MonRestoDuMonde;
			sourceTree = "<group>";
		};
		18B75AEE20DFB01C0057DABC /* Modele */ = {
			isa = PBXGroup;
			children = (
			);
			path = Modele;
			sourceTree = "<group>";
		};
		18B75AEF20DFB0260057DABC /* Vue */ = {
			isa = PBXGroup;
			children = (
				18B75AFC20DFC5E90057DABC /* MenuCell.swift */,
			);
			path = Vue;
			sourceTree = "<group>";
		};
		18B75AF020DFB0450057DABC /* Controlleur */ = {
			isa = PBXGroup;
			children = (
				18B75AF120DFB0830057DABC /* MenuController.swift */,
				18B75AF320DFB1620057DABC /* ALaCarteController.swift */,
				18B75AF520DFB7340057DABC /* MonTabBar.swift */,
				18B75AFA20DFBEDF0057DABC /* MonNav.swift */,
			);
			path = Controlleur;
			sourceTree = "<group>";
		};
		18B75AF720DFB7CF0057DABC /* Utilitaire */ = {
			isa = PBXGroup;
			children = (
				18B75AF820DFB8860057DABC /* Constantes.swift */,
			);
			path = Utilitaire;
			sourceTree = "<group>";
		};
/* End PBXGroup section */

/* Begin PBXNativeTarget section */
		18A93EAD20DEFC88008B284F /* MonRestoDuMonde */ = {
			isa = PBXNativeTarget;
			buildConfigurationList = 18A93EC020DEFC8A008B284F /* Build configuration list for PBXNativeTarget "MonRestoDuMonde" */;
			buildPhases = (
				18A93EAA20DEFC88008B284F /* Sources */,
				18A93EAB20DEFC88008B284F /* Frameworks */,
				18A93EAC20DEFC88008B284F /* Resources */,
			);
			buildRules = (
			);
			dependencies = (
			);
			name = MonRestoDuMonde;
			productName = MonRestoDuMonde;
			productReference = 18A93EAE20DEFC88008B284F /* MonRestoDuMonde.app */;
			productType = "com.apple.product-type.application";
		};
/* End PBXNativeTarget section */

/* Begin PBXProject section */
		18A93EA620DEFC88008B284F /* Project object */ = {
			isa = PBXProject;
			attributes = {
				LastSwiftUpdateCheck = 0940;
				LastUpgradeCheck = 0940;
				ORGANIZATIONNAME = "MAC-Anas";
				TargetAttributes = {
					18A93EAD20DEFC88008B284F = {
						CreatedOnToolsVersion = 9.4.1;
					};
				};
			};
			buildConfigurationList = 18A93EA920DEFC88008B284F /* Build configuration list for PBXProject "MonRestoDuMonde" */;
			compatibilityVersion = "Xcode 9.3";
			developmentRegion = en;
			hasScannedForEncodings = 0;
			knownRegions = (
				en,
				Base,
			);
			mainGroup = 18A93EA520DEFC88008B284F;
			productRefGroup = 18A93EAF20DEFC88008B284F /* Products */;
			projectDirPath = "";
			projectRoot = "";
			targets = (
				18A93EAD20DEFC88008B284F /* MonRestoDuMonde */,
			);
		};
/* End PBXProject section */

/* Begin PBXResourcesBuildPhase section */
		18A93EAC20DEFC88008B284F /* Resources */ = {
			isa = PBXResourcesBuildPhase;
			buildActionMask = 2147483647;
			files = (
				18A93EBC20DEFC8A008B284F /* LaunchScreen.storyboard in Resources */,
				18A93EB920DEFC8A008B284F /* Assets.xcassets in Resources */,
				18A93EB720DEFC88008B284F /* Main.storyboard in Resources */,
			);
			runOnlyForDeploymentPostprocessing = 0;
		};
/* End PBXResourcesBuildPhase section */

/* Begin PBXSourcesBuildPhase section */
		18A93EAA20DEFC88008B284F /* Sources */ = {
			isa = PBXSourcesBuildPhase;
			buildActionMask = 2147483647;
			files = (
				18B75AFD20DFC5E90057DABC /* MenuCell.swift in Sources */,
				18B75AF620DFB7340057DABC /* MonTabBar.swift in Sources */,
				18B75AF420DFB1620057DABC /* ALaCarteController.swift in Sources */,
				18B75AFB20DFBEDF0057DABC /* MonNav.swift in Sources */,
				18B75AF220DFB0830057DABC /* MenuController.swift in Sources */,
				18A93EB220DEFC88008B284F /* AppDelegate.swift in Sources */,
				18B75AF920DFB8860057DABC /* Constantes.swift in Sources */,
			);
			runOnlyForDeploymentPostprocessing = 0;
		};
/* End PBXSourcesBuildPhase section */

/* Begin PBXVariantGroup section */
		18A93EB520DEFC88008B284F /* Main.storyboard */ = {
			isa = PBXVariantGroup;
			children = (
				18A93EB620DEFC88008B284F /* Base */,
			);
			name = Main.storyboard;
			sourceTree = "<group>";
		};
		18A93EBA20DEFC8A008B284F /* LaunchScreen.storyboard */ = {
			isa = PBXVariantGroup;
			children = (
				18A93EBB20DEFC8A008B284F /* Base */,
			);
			name = LaunchScreen.storyboard;
			sourceTree = "<group>";
		};
/* End PBXVariantGroup section */

/* Begin XCBuildConfiguration section */
		18A93EBE20DEFC8A008B284F /* Debug */ = {
			isa = XCBuildConfiguration;
			buildSettings = {
				ALWAYS_SEARCH_USER_PATHS = NO;
				CLANG_ANALYZER_NONNULL = YES;
				CLANG_ANALYZER_NUMBER_OBJECT_CONVERSION = YES_AGGRESSIVE;
				CLANG_CXX_LANGUAGE_STANDARD = "gnu++14";
				CLANG_CXX_LIBRARY = "libc++";
				CLANG_ENABLE_MODULES = YES;
				CLANG_ENABLE_OBJC_ARC = YES;
				CLANG_ENABLE_OBJC_WEAK = YES;
				CLANG_WARN_BLOCK_CAPTURE_AUTORELEASING = YES;
				CLANG_WARN_BOOL_CONVERSION = YES;
				CLANG_WARN_COMMA = YES;
				CLANG_WARN_CONSTANT_CONVERSION = YES;
				CLANG_WARN_DEPRECATED_OBJC_IMPLEMENTATIONS = YES;
				CLANG_WARN_DIRECT_OBJC_ISA_USAGE = YES_ERROR;
				CLANG_WARN_DOCUMENTATION_COMMENTS = YES;
				CLANG_WARN_EMPTY_BODY = YES;
				CLANG_WARN_ENUM_CONVERSION = YES;
				CLANG_WARN_INFINITE_RECURSION = YES;
				CLANG_WARN_INT_CONVERSION = YES;
				CLANG_WARN_NON_LITERAL_NULL_CONVERSION = YES;
				CLANG_WARN_OBJC_IMPLICIT_RETAIN_SELF = YES;
				CLANG_WARN_OBJC_LITERAL_CONVERSION = YES;
				CLANG_WARN_OBJC_ROOT_CLASS = YES_ERROR;
				CLANG_WARN_RANGE_LOOP_ANALYSIS = YES;
				CLANG_WARN_STRICT_PROTOTYPES = YES;
				CLANG_WARN_SUSPICIOUS_MOVE = YES;
				CLANG_WARN_UNGUARDED_AVAILABILITY = YES_AGGRESSIVE;
				CLANG_WARN_UNREACHABLE_CODE = YES;
				CLANG_WARN__DUPLICATE_METHOD_MATCH = YES;
				CODE_SIGN_IDENTITY = "iPhone Developer";
				COPY_PHASE_STRIP = NO;
				DEBUG_INFORMATION_FORMAT = dwarf;
				ENABLE_STRICT_OBJC_MSGSEND = YES;
				ENABLE_TESTABILITY = YES;
				GCC_C_LANGUAGE_STANDARD = gnu11;
				GCC_DYNAMIC_NO_PIC = NO;
				GCC_NO_COMMON_BLOCKS = YES;
				GCC_OPTIMIZATION_LEVEL = 0;
				GCC_PREPROCESSOR_DEFINITIONS = (
					"DEBUG=1",
					"$(inherited)",
				);
				GCC_WARN_64_TO_32_BIT_CONVERSION = YES;
				GCC_WARN_ABOUT_RETURN_TYPE = YES_ERROR;
				GCC_WARN_UNDECLARED_SELECTOR = YES;
				GCC_WARN_UNINITIALIZED_AUTOS = YES_AGGRESSIVE;
				GCC_WARN_UNUSED_FUNCTION = YES;
				GCC_WARN_UNUSED_VARIABLE = YES;
				IPHONEOS_DEPLOYMENT_TARGET = 11.4;
				MTL_ENABLE_DEBUG_INFO = YES;
				ONLY_ACTIVE_ARCH = YES;
				SDKROOT = iphoneos;
				SWIFT_ACTIVE_COMPILATION_CONDITIONS = DEBUG;
				SWIFT_OPTIMIZATION_LEVEL = "-Onone";
			};
			name = Debug;
		};
		18A93EBF20DEFC8A008B284F /* Release */ = {
			isa = XCBuildConfiguration;
			buildSettings = {
				ALWAYS_SEARCH_USER_PATHS = NO;
				CLANG_ANALYZER_NONNULL = YES;
				CLANG_ANALYZER_NUMBER_OBJECT_CONVERSION = YES_AGGRESSIVE;
				CLANG_CXX_LANGUAGE_STANDARD = "gnu++14";
				CLANG_CXX_LIBRARY = "libc++";
				CLANG_ENABLE_MODULES = YES;
				CLANG_ENABLE_OBJC_ARC = YES;
				CLANG_ENABLE_OBJC_WEAK = YES;
				CLANG_WARN_BLOCK_CAPTURE_AUTORELEASING = YES;
				CLANG_WARN_BOOL_CONVERSION = YES;
				CLANG_WARN_COMMA = YES;
				CLANG_WARN_CONSTANT_CONVERSION = YES;
				CLANG_WARN_DEPRECATED_OBJC_IMPLEMENTATIONS = YES;
				CLANG_WARN_DIRECT_OBJC_ISA_USAGE = YES_ERROR;
				CLANG_WARN_DOCUMENTATION_COMMENTS = YES;
				CLANG_WARN_EMPTY_BODY = YES;
				CLANG_WARN_ENUM_CONVERSION = YES;
				CLANG_WARN_INFINITE_RECURSION = YES;
				CLANG_WARN_INT_CONVERSION = YES;
				CLANG_WARN_NON_LITERAL_NULL_CONVERSION = YES;
				CLANG_WARN_OBJC_IMPLICIT_RETAIN_SELF = YES;
				CLANG_WARN_OBJC_LITERAL_CONVERSION = YES;
				CLANG_WARN_OBJC_ROOT_CLASS = YES_ERROR;
				CLANG_WARN_RANGE_LOOP_ANALYSIS = YES;
				CLANG_WARN_STRICT_PROTOTYPES = YES;
				CLANG_WARN_SUSPICIOUS_MOVE = YES;
				CLANG_WARN_UNGUARDED_AVAILABILITY = YES_AGGRESSIVE;
				CLANG_WARN_UNREACHABLE_CODE = YES;
				CLANG_WARN__DUPLICATE_METHOD_MATCH = YES;
				CODE_SIGN_IDENTITY = "iPhone Developer";
				COPY_PHASE_STRIP = NO;
				DEBUG_INFORMATION_FORMAT = "dwarf-with-dsym";
				ENABLE_NS_ASSERTIONS = NO;
				ENABLE_STRICT_OBJC_MSGSEND = YES;
				GCC_C_LANGUAGE_STANDARD = gnu11;
				GCC_NO_COMMON_BLOCKS = YES;
				GCC_WARN_64_TO_32_BIT_CONVERSION = YES;
				GCC_WARN_ABOUT_RETURN_TYPE = YES_ERROR;
				GCC_WARN_UNDECLARED_SELECTOR = YES;
				GCC_WARN_UNINITIALIZED_AUTOS = YES_AGGRESSIVE;
				GCC_WARN_UNUSED_FUNCTION = YES;
				GCC_WARN_UNUSED_VARIABLE = YES;
				IPHONEOS_DEPLOYMENT_TARGET = 11.4;
				MTL_ENABLE_DEBUG_INFO = NO;
				SDKROOT = iphoneos;
				SWIFT_COMPILATION_MODE = wholemodule;
				SWIFT_OPTIMIZATION_LEVEL = "-O";
				VALIDATE_PRODUCT = YES;
			};
			name = Release;
		};
		18A93EC120DEFC8A008B284F /* Debug */ = {
			isa = XCBuildConfiguration;
			buildSettings = {
				ASSETCATALOG_COMPILER_APPICON_NAME = AppIcon;
				CODE_SIGN_STYLE = Automatic;
				DEVELOPMENT_TEAM = "";
				INFOPLIST_FILE = MonRestoDuMonde/Info.plist;
				LD_RUNPATH_SEARCH_PATHS = (
					"$(inherited)",
					"@executable_path/Frameworks",
				);
				PRODUCT_BUNDLE_IDENTIFIER = com.riahi.MonRestoDuMonde;
				PRODUCT_NAME = "$(TARGET_NAME)";
				SWIFT_VERSION = 4.0;
				TARGETED_DEVICE_FAMILY = "1,2";
			};
			name = Debug;
		};
		18A93EC220DEFC8A008B284F /* Release */ = {
			isa = XCBuildConfiguration;
			buildSettings = {
				ASSETCATALOG_COMPILER_APPICON_NAME = AppIcon;
				CODE_SIGN_STYLE = Automatic;
				DEVELOPMENT_TEAM = "";
				INFOPLIST_FILE = MonRestoDuMonde/Info.plist;
				LD_RUNPATH_SEARCH_PATHS = (
					"$(inherited)",
					"@executable_path/Frameworks",
				);
				PRODUCT_BUNDLE_IDENTIFIER = com.riahi.MonRestoDuMonde;
				PRODUCT_NAME = "$(TARGET_NAME)";
				SWIFT_VERSION = 4.0;
				TARGETED_DEVICE_FAMILY = "1,2";
			};
			name = Release;
		};
/* End XCBuildConfiguration section */

/* Begin XCConfigurationList section */
		18A93EA920DEFC88008B284F /* Build configuration list for PBXProject "MonRestoDuMonde" */ = {
			isa = XCConfigurationList;
			buildConfigurations = (
				18A93EBE20DEFC8A008B284F /* Debug */,
				18A93EBF20DEFC8A008B284F /* Release */,
			);
			defaultConfigurationIsVisible = 0;
			defaultConfigurationName = Release;
		};
		18A93EC020DEFC8A008B284F /* Build configuration list for PBXNativeTarget "MonRestoDuMonde" */ = {
			isa = XCConfigurationList;
			buildConfigurations = (
				18A93EC120DEFC8A008B284F /* Debug */,
				18A93EC220DEFC8A008B284F /* Release */,
			);
			defaultConfigurationIsVisible = 0;
			defaultConfigurationName = Release;
		};
/* End XCConfigurationList section */
	};
	rootObject = 18A93EA620DEFC88008B284F /* Project object */;
}
